// !$*UTF8*$!
{
	archiveVersion = 1;
	classes = {
	};
	objectVersion = 50;
	objects = {

/* Begin PBXBuildFile section */
		FA4D9DB02637096100B9CB8D /* LandmarksApp.swift in Sources */ = {isa = PBXBuildFile; fileRef = FA4D9DAF2637096100B9CB8D /* LandmarksApp.swift */; };
		FA4D9DB22637096100B9CB8D /* ContentView.swift in Sources */ = {isa = PBXBuildFile; fileRef = FA4D9DB12637096100B9CB8D /* ContentView.swift */; };
		FA4D9DB42637096200B9CB8D /* Assets.xcassets in Resources */ = {isa = PBXBuildFile; fileRef = FA4D9DB32637096200B9CB8D /* Assets.xcassets */; };
		FA4D9DB72637096200B9CB8D /* Preview Assets.xcassets in Resources */ = {isa = PBXBuildFile; fileRef = FA4D9DB62637096200B9CB8D /* Preview Assets.xcassets */; };
		FA4D9DC026370BD000B9CB8D /* CircleImage.swift in Sources */ = {isa = PBXBuildFile; fileRef = FA4D9DBF26370BD000B9CB8D /* CircleImage.swift */; };
		FA4D9DC326370C5100B9CB8D /* MapView.swift in Sources */ = {isa = PBXBuildFile; fileRef = FA4D9DC226370C5100B9CB8D /* MapView.swift */; };
		FA4D9DC6263711B900B9CB8D /* landmarkData.json in Resources */ = {isa = PBXBuildFile; fileRef = FA4D9DC5263711B900B9CB8D /* landmarkData.json */; };
		FA4D9DC9263711E100B9CB8D /* Landmark.swift in Sources */ = {isa = PBXBuildFile; fileRef = FA4D9DC8263711E100B9CB8D /* Landmark.swift */; };
		FA4D9DCD2637165500B9CB8D /* ModelData.swift in Sources */ = {isa = PBXBuildFile; fileRef = FA4D9DCC2637165500B9CB8D /* ModelData.swift */; };
		FA4D9DD52637199600B9CB8D /* LandmarkRow.swift in Sources */ = {isa = PBXBuildFile; fileRef = FA4D9DD42637199600B9CB8D /* LandmarkRow.swift */; };
		FA4D9DD826371AC100B9CB8D /* LandmarkList.swift in Sources */ = {isa = PBXBuildFile; fileRef = FA4D9DD726371AC100B9CB8D /* LandmarkList.swift */; };
		FA4D9DDB26371BB600B9CB8D /* LandmarkDetail.swift in Sources */ = {isa = PBXBuildFile; fileRef = FA4D9DDA26371BB600B9CB8D /* LandmarkDetail.swift */; };
		FA4D9DE026372D8F00B9CB8D /* FavoriteButton.swift in Sources */ = {isa = PBXBuildFile; fileRef = FA4D9DDF26372D8F00B9CB8D /* FavoriteButton.swift */; };
		FA5FE16D2639AF6500825C57 /* CategoryHome.swift in Sources */ = {isa = PBXBuildFile; fileRef = FA5FE16C2639AF6500825C57 /* CategoryHome.swift */; };
		FA6552B6263FF5A700835AEC /* ContentView.swift in Sources */ = {isa = PBXBuildFile; fileRef = FA6552B5263FF5A700835AEC /* ContentView.swift */; };
		FA6552B8263FF5A800835AEC /* Assets.xcassets in Resources */ = {isa = PBXBuildFile; fileRef = FA6552B7263FF5A800835AEC /* Assets.xcassets */; };
		FA6552BB263FF5A800835AEC /* Preview Assets.xcassets in Resources */ = {isa = PBXBuildFile; fileRef = FA6552BA263FF5A800835AEC /* Preview Assets.xcassets */; };
		FA6552C1263FF65100835AEC /* Hike.swift in Sources */ = {isa = PBXBuildFile; fileRef = FA6E710E263B026400B2939A /* Hike.swift */; };
		FA6552C2263FF65100835AEC /* FavoriteButton.swift in Sources */ = {isa = PBXBuildFile; fileRef = FA4D9DDF26372D8F00B9CB8D /* FavoriteButton.swift */; };
		FA6552C3263FF65100835AEC /* LandmarksApp.swift in Sources */ = {isa = PBXBuildFile; fileRef = FA4D9DAF2637096100B9CB8D /* LandmarksApp.swift */; };
		FA6552C4263FF65100835AEC /* LandmarkList.swift in Sources */ = {isa = PBXBuildFile; fileRef = FA4D9DD726371AC100B9CB8D /* LandmarkList.swift */; };
		FA6552C5263FF65100835AEC /* MapView.swift in Sources */ = {isa = PBXBuildFile; fileRef = FA4D9DC226370C5100B9CB8D /* MapView.swift */; };
		FA6552C6263FF65100835AEC /* Assets.xcassets in Resources */ = {isa = PBXBuildFile; fileRef = FA4D9DB32637096200B9CB8D /* Assets.xcassets */; };
		FA6552C7263FF65100835AEC /* LandmarkRow.swift in Sources */ = {isa = PBXBuildFile; fileRef = FA4D9DD42637199600B9CB8D /* LandmarkRow.swift */; };
		FA6552C8263FF65100835AEC /* landmarkData.json in Resources */ = {isa = PBXBuildFile; fileRef = FA4D9DC5263711B900B9CB8D /* landmarkData.json */; };
		FA6552C9263FF65100835AEC /* Landmark.swift in Sources */ = {isa = PBXBuildFile; fileRef = FA4D9DC8263711E100B9CB8D /* Landmark.swift */; };
		FA6552CA263FF65100835AEC /* Profile.swift in Sources */ = {isa = PBXBuildFile; fileRef = FA6E70FC263AEC1400B2939A /* Profile.swift */; };
		FA6552CB263FF65100835AEC /* ModelData.swift in Sources */ = {isa = PBXBuildFile; fileRef = FA4D9DCC2637165500B9CB8D /* ModelData.swift */; };
		FA6552CC263FF65100835AEC /* hikeData.json in Resources */ = {isa = PBXBuildFile; fileRef = FA6EE3D62639B51900D684D1 /* hikeData.json */; };
		FA6552CD263FF65100835AEC /* CircleImage.swift in Sources */ = {isa = PBXBuildFile; fileRef = FA4D9DBF26370BD000B9CB8D /* CircleImage.swift */; };
		FA6552CF263FF6D100835AEC /* LandmarkDetail.swift in Sources */ = {isa = PBXBuildFile; fileRef = FA6552CE263FF6D100835AEC /* LandmarkDetail.swift */; };
		FA6552D1263FFCFA00835AEC /* LandmarkList.swift in Sources */ = {isa = PBXBuildFile; fileRef = FA6552D0263FFCFA00835AEC /* LandmarkList.swift */; };
		FA68A7C0263C668F00C93601 /* ProfileEditor.swift in Sources */ = {isa = PBXBuildFile; fileRef = FA68A7BF263C668F00C93601 /* ProfileEditor.swift */; };
		FA6E70FD263AEC1400B2939A /* Profile.swift in Sources */ = {isa = PBXBuildFile; fileRef = FA6E70FC263AEC1400B2939A /* Profile.swift */; };
		FA6E7100263AED6200B2939A /* ProfileHost.swift in Sources */ = {isa = PBXBuildFile; fileRef = FA6E70FF263AED6200B2939A /* ProfileHost.swift */; };
		FA6E7102263AEDCD00B2939A /* ProfileSummary.swift in Sources */ = {isa = PBXBuildFile; fileRef = FA6E7101263AEDCD00B2939A /* ProfileSummary.swift */; };
		FA6E7104263AF94300B2939A /* HexagonParameters.swift in Sources */ = {isa = PBXBuildFile; fileRef = FA6E7103263AF94300B2939A /* HexagonParameters.swift */; };
		FA6E7106263AFB0E00B2939A /* BadgeBackground.swift in Sources */ = {isa = PBXBuildFile; fileRef = FA6E7105263AFB0E00B2939A /* BadgeBackground.swift */; };
		FA6E7108263AFE8B00B2939A /* BadgeSymbol.swift in Sources */ = {isa = PBXBuildFile; fileRef = FA6E7107263AFE8B00B2939A /* BadgeSymbol.swift */; };
		FA6E710B263AFF5100B2939A /* RotatedBadgeSymbol.swift in Sources */ = {isa = PBXBuildFile; fileRef = FA6E710A263AFF5100B2939A /* RotatedBadgeSymbol.swift */; };
		FA6E710D263AFFBE00B2939A /* Badge.swift in Sources */ = {isa = PBXBuildFile; fileRef = FA6E710C263AFFBE00B2939A /* Badge.swift */; };
		FA6E710F263B026400B2939A /* Hike.swift in Sources */ = {isa = PBXBuildFile; fileRef = FA6E710E263B026400B2939A /* Hike.swift */; };
		FA6E7115263B036300B2939A /* GraphCapsule.swift in Sources */ = {isa = PBXBuildFile; fileRef = FA6E7111263B036300B2939A /* GraphCapsule.swift */; };
		FA6E7116263B036300B2939A /* HikeGraph.swift in Sources */ = {isa = PBXBuildFile; fileRef = FA6E7112263B036300B2939A /* HikeGraph.swift */; };
		FA6E7117263B036300B2939A /* HikeDetail.swift in Sources */ = {isa = PBXBuildFile; fileRef = FA6E7113263B036300B2939A /* HikeDetail.swift */; };
		FA6E7118263B036300B2939A /* HikeView.swift in Sources */ = {isa = PBXBuildFile; fileRef = FA6E7114263B036300B2939A /* HikeView.swift */; };
		FA6E711A263B0F9300B2939A /* HikeBadge.swift in Sources */ = {isa = PBXBuildFile; fileRef = FA6E7119263B0F9300B2939A /* HikeBadge.swift */; };
		FA6EE3D32639B15700D684D1 /* CategoryRow.swift in Sources */ = {isa = PBXBuildFile; fileRef = FA6EE3D22639B15700D684D1 /* CategoryRow.swift */; };
		FA6EE3D52639B31700D684D1 /* CategoryItem.swift in Sources */ = {isa = PBXBuildFile; fileRef = FA6EE3D42639B31700D684D1 /* CategoryItem.swift */; };
		FA6EE3D72639B51900D684D1 /* hikeData.json in Resources */ = {isa = PBXBuildFile; fileRef = FA6EE3D62639B51900D684D1 /* hikeData.json */; };
		FABF7CA1263EE19100B376B8 /* Assets.xcassets in Resources */ = {isa = PBXBuildFile; fileRef = FABF7CA0263EE19100B376B8 /* Assets.xcassets */; };
		FABF7CA8263EE19100B376B8 /* WatchLandmarks Extension.appex in Embed App Extensions */ = {isa = PBXBuildFile; fileRef = FABF7CA7263EE19100B376B8 /* WatchLandmarks Extension.appex */; settings = {ATTRIBUTES = (RemoveHeadersOnCopy, ); }; };
		FABF7CAF263EE19100B376B8 /* ContentView.swift in Sources */ = {isa = PBXBuildFile; fileRef = FABF7CAE263EE19100B376B8 /* ContentView.swift */; };
		FABF7CB1263EE19100B376B8 /* NotificationController.swift in Sources */ = {isa = PBXBuildFile; fileRef = FABF7CB0263EE19100B376B8 /* NotificationController.swift */; };
		FABF7CB3263EE19100B376B8 /* NotificationView.swift in Sources */ = {isa = PBXBuildFile; fileRef = FABF7CB2263EE19100B376B8 /* NotificationView.swift */; };
		FABF7CB5263EE19100B376B8 /* ComplicationController.swift in Sources */ = {isa = PBXBuildFile; fileRef = FABF7CB4263EE19100B376B8 /* ComplicationController.swift */; };
		FABF7CB7263EE19100B376B8 /* Assets.xcassets in Resources */ = {isa = PBXBuildFile; fileRef = FABF7CB6263EE19100B376B8 /* Assets.xcassets */; };
		FABF7CBA263EE19100B376B8 /* Preview Assets.xcassets in Resources */ = {isa = PBXBuildFile; fileRef = FABF7CB9263EE19100B376B8 /* Preview Assets.xcassets */; };
		FABF7CBF263EE19100B376B8 /* WatchLandmarks.app in Embed Watch Content */ = {isa = PBXBuildFile; fileRef = FABF7C9E263EE19000B376B8 /* WatchLandmarks.app */; settings = {ATTRIBUTES = (RemoveHeadersOnCopy, ); }; };
		FABF7CC8263EE2B400B376B8 /* LandmarksApp.swift in Sources */ = {isa = PBXBuildFile; fileRef = FA4D9DAF2637096100B9CB8D /* LandmarksApp.swift */; };
		FABF7CCA263EE35E00B376B8 /* LandmarkDetail.swift in Sources */ = {isa = PBXBuildFile; fileRef = FABF7CC9263EE35E00B376B8 /* LandmarkDetail.swift */; };
		FABF7CCB263EE3B900B376B8 /* Landmark.swift in Sources */ = {isa = PBXBuildFile; fileRef = FA4D9DC8263711E100B9CB8D /* Landmark.swift */; };
		FABF7CCC263EE3B900B376B8 /* ModelData.swift in Sources */ = {isa = PBXBuildFile; fileRef = FA4D9DCC2637165500B9CB8D /* ModelData.swift */; };
		FABF7CCD263EE3B900B376B8 /* Hike.swift in Sources */ = {isa = PBXBuildFile; fileRef = FA6E710E263B026400B2939A /* Hike.swift */; };
		FABF7CCE263EE3B900B376B8 /* Profile.swift in Sources */ = {isa = PBXBuildFile; fileRef = FA6E70FC263AEC1400B2939A /* Profile.swift */; };
		FABF7CCF263EE3C800B376B8 /* hikeData.json in Resources */ = {isa = PBXBuildFile; fileRef = FA6EE3D62639B51900D684D1 /* hikeData.json */; };
		FABF7CD0263EE3C800B376B8 /* Assets.xcassets in Resources */ = {isa = PBXBuildFile; fileRef = FA4D9DB32637096200B9CB8D /* Assets.xcassets */; };
		FABF7CD1263EE3C800B376B8 /* landmarkData.json in Resources */ = {isa = PBXBuildFile; fileRef = FA4D9DC5263711B900B9CB8D /* landmarkData.json */; };
		FABF7CD2263EE3D500B376B8 /* MapView.swift in Sources */ = {isa = PBXBuildFile; fileRef = FA4D9DC226370C5100B9CB8D /* MapView.swift */; };
		FABF7CD3263EE3D500B376B8 /* CircleImage.swift in Sources */ = {isa = PBXBuildFile; fileRef = FA4D9DBF26370BD000B9CB8D /* CircleImage.swift */; };
		FABF7CD5263EE3DC00B376B8 /* LandmarkRow.swift in Sources */ = {isa = PBXBuildFile; fileRef = FA4D9DD42637199600B9CB8D /* LandmarkRow.swift */; };
		FAF2910C263D936F00AAC3DE /* PageViewController.swift in Sources */ = {isa = PBXBuildFile; fileRef = FAF2910B263D936F00AAC3DE /* PageViewController.swift */; };
		FAF2910E263D94F100AAC3DE /* FeatureCard.swift in Sources */ = {isa = PBXBuildFile; fileRef = FAF2910D263D94F100AAC3DE /* FeatureCard.swift */; };
		FAF29110263D968900AAC3DE /* PageView.swift in Sources */ = {isa = PBXBuildFile; fileRef = FAF2910F263D968900AAC3DE /* PageView.swift */; };
		FAF29112263D9B9900AAC3DE /* PageControl.swift in Sources */ = {isa = PBXBuildFile; fileRef = FAF29111263D9B9900AAC3DE /* PageControl.swift */; };
/* End PBXBuildFile section */

/* Begin PBXContainerItemProxy section */
		FABF7CA9263EE19100B376B8 /* PBXContainerItemProxy */ = {
			isa = PBXContainerItemProxy;
			containerPortal = FA4D9DA42637096100B9CB8D /* Project object */;
			proxyType = 1;
			remoteGlobalIDString = FABF7CA6263EE19100B376B8;
			remoteInfo = "WatchLandmarks Extension";
		};
		FABF7CBD263EE19100B376B8 /* PBXContainerItemProxy */ = {
			isa = PBXContainerItemProxy;
			containerPortal = FA4D9DA42637096100B9CB8D /* Project object */;
			proxyType = 1;
			remoteGlobalIDString = FABF7C9D263EE19000B376B8;
			remoteInfo = WatchLandmarks;
		};
/* End PBXContainerItemProxy section */

/* Begin PBXCopyFilesBuildPhase section */
		FABF7CC0263EE19100B376B8 /* Embed Watch Content */ = {
			isa = PBXCopyFilesBuildPhase;
			buildActionMask = 2147483647;
			dstPath = "$(CONTENTS_FOLDER_PATH)/Watch";
			dstSubfolderSpec = 16;
			files = (
				FABF7CBF263EE19100B376B8 /* WatchLandmarks.app in Embed Watch Content */,
			);
			name = "Embed Watch Content";
			runOnlyForDeploymentPostprocessing = 0;
		};
		FABF7CC3263EE19100B376B8 /* Embed App Extensions */ = {
			isa = PBXCopyFilesBuildPhase;
			buildActionMask = 2147483647;
			dstPath = "";
			dstSubfolderSpec = 13;
			files = (
				FABF7CA8263EE19100B376B8 /* WatchLandmarks Extension.appex in Embed App Extensions */,
			);
			name = "Embed App Extensions";
			runOnlyForDeploymentPostprocessing = 0;
		};
/* End PBXCopyFilesBuildPhase section */

/* Begin PBXFileReference section */
		FA4D9DAC2637096100B9CB8D /* Landmarks.app */ = {isa = PBXFileReference; explicitFileType = wrapper.application; includeInIndex = 0; path = Landmarks.app; sourceTree = BUILT_PRODUCTS_DIR; };
		FA4D9DAF2637096100B9CB8D /* LandmarksApp.swift */ = {isa = PBXFileReference; lastKnownFileType = sourcecode.swift; path = LandmarksApp.swift; sourceTree = "<group>"; };
		FA4D9DB12637096100B9CB8D /* ContentView.swift */ = {isa = PBXFileReference; lastKnownFileType = sourcecode.swift; path = ContentView.swift; sourceTree = "<group>"; };
		FA4D9DB32637096200B9CB8D /* Assets.xcassets */ = {isa = PBXFileReference; lastKnownFileType = folder.assetcatalog; path = Assets.xcassets; sourceTree = "<group>"; };
		FA4D9DB62637096200B9CB8D /* Preview Assets.xcassets */ = {isa = PBXFileReference; lastKnownFileType = folder.assetcatalog; path = "Preview Assets.xcassets"; sourceTree = "<group>"; };
		FA4D9DB82637096200B9CB8D /* Info.plist */ = {isa = PBXFileReference; lastKnownFileType = text.plist.xml; path = Info.plist; sourceTree = "<group>"; };
		FA4D9DBF26370BD000B9CB8D /* CircleImage.swift */ = {isa = PBXFileReference; lastKnownFileType = sourcecode.swift; path = CircleImage.swift; sourceTree = "<group>"; };
		FA4D9DC226370C5100B9CB8D /* MapView.swift */ = {isa = PBXFileReference; lastKnownFileType = sourcecode.swift; path = MapView.swift; sourceTree = "<group>"; };
		FA4D9DC5263711B900B9CB8D /* landmarkData.json */ = {isa = PBXFileReference; fileEncoding = 4; lastKnownFileType = text.json; path = landmarkData.json; sourceTree = "<group>"; };
		FA4D9DC8263711E100B9CB8D /* Landmark.swift */ = {isa = PBXFileReference; lastKnownFileType = sourcecode.swift; path = Landmark.swift; sourceTree = "<group>"; };
		FA4D9DCC2637165500B9CB8D /* ModelData.swift */ = {isa = PBXFileReference; lastKnownFileType = sourcecode.swift; path = ModelData.swift; sourceTree = "<group>"; };
		FA4D9DD42637199600B9CB8D /* LandmarkRow.swift */ = {isa = PBXFileReference; lastKnownFileType = sourcecode.swift; path = LandmarkRow.swift; sourceTree = "<group>"; };
		FA4D9DD726371AC100B9CB8D /* LandmarkList.swift */ = {isa = PBXFileReference; lastKnownFileType = sourcecode.swift; path = LandmarkList.swift; sourceTree = "<group>"; };
		FA4D9DDA26371BB600B9CB8D /* LandmarkDetail.swift */ = {isa = PBXFileReference; lastKnownFileType = sourcecode.swift; path = LandmarkDetail.swift; sourceTree = "<group>"; };
		FA4D9DDF26372D8F00B9CB8D /* FavoriteButton.swift */ = {isa = PBXFileReference; lastKnownFileType = sourcecode.swift; path = FavoriteButton.swift; sourceTree = "<group>"; };
		FA5FE16C2639AF6500825C57 /* CategoryHome.swift */ = {isa = PBXFileReference; lastKnownFileType = sourcecode.swift; path = CategoryHome.swift; sourceTree = "<group>"; };
		FA6552B1263FF5A700835AEC /* MacLandmarks.app */ = {isa = PBXFileReference; explicitFileType = wrapper.application; includeInIndex = 0; path = MacLandmarks.app; sourceTree = BUILT_PRODUCTS_DIR; };
		FA6552B5263FF5A700835AEC /* ContentView.swift */ = {isa = PBXFileReference; lastKnownFileType = sourcecode.swift; path = ContentView.swift; sourceTree = "<group>"; };
		FA6552B7263FF5A800835AEC /* Assets.xcassets */ = {isa = PBXFileReference; lastKnownFileType = folder.assetcatalog; path = Assets.xcassets; sourceTree = "<group>"; };
		FA6552BA263FF5A800835AEC /* Preview Assets.xcassets */ = {isa = PBXFileReference; lastKnownFileType = folder.assetcatalog; path = "Preview Assets.xcassets"; sourceTree = "<group>"; };
		FA6552BC263FF5A800835AEC /* Info.plist */ = {isa = PBXFileReference; lastKnownFileType = text.plist.xml; path = Info.plist; sourceTree = "<group>"; };
		FA6552BD263FF5A800835AEC /* MacLandmarks.entitlements */ = {isa = PBXFileReference; lastKnownFileType = text.plist.entitlements; path = MacLandmarks.entitlements; sourceTree = "<group>"; };
		FA6552CE263FF6D100835AEC /* LandmarkDetail.swift */ = {isa = PBXFileReference; lastKnownFileType = sourcecode.swift; path = LandmarkDetail.swift; sourceTree = "<group>"; };
		FA6552D0263FFCFA00835AEC /* LandmarkList.swift */ = {isa = PBXFileReference; lastKnownFileType = sourcecode.swift; path = LandmarkList.swift; sourceTree = "<group>"; };
		FA68A7BF263C668F00C93601 /* ProfileEditor.swift */ = {isa = PBXFileReference; lastKnownFileType = sourcecode.swift; path = ProfileEditor.swift; sourceTree = "<group>"; };
		FA6E70FC263AEC1400B2939A /* Profile.swift */ = {isa = PBXFileReference; lastKnownFileType = sourcecode.swift; path = Profile.swift; sourceTree = "<group>"; };
		FA6E70FF263AED6200B2939A /* ProfileHost.swift */ = {isa = PBXFileReference; lastKnownFileType = sourcecode.swift; path = ProfileHost.swift; sourceTree = "<group>"; };
		FA6E7101263AEDCD00B2939A /* ProfileSummary.swift */ = {isa = PBXFileReference; lastKnownFileType = sourcecode.swift; path = ProfileSummary.swift; sourceTree = "<group>"; };
		FA6E7103263AF94300B2939A /* HexagonParameters.swift */ = {isa = PBXFileReference; lastKnownFileType = sourcecode.swift; path = HexagonParameters.swift; sourceTree = "<group>"; };
		FA6E7105263AFB0E00B2939A /* BadgeBackground.swift */ = {isa = PBXFileReference; lastKnownFileType = sourcecode.swift; path = BadgeBackground.swift; sourceTree = "<group>"; };
		FA6E7107263AFE8B00B2939A /* BadgeSymbol.swift */ = {isa = PBXFileReference; lastKnownFileType = sourcecode.swift; path = BadgeSymbol.swift; sourceTree = "<group>"; };
		FA6E710A263AFF5100B2939A /* RotatedBadgeSymbol.swift */ = {isa = PBXFileReference; lastKnownFileType = sourcecode.swift; path = RotatedBadgeSymbol.swift; sourceTree = "<group>"; };
		FA6E710C263AFFBE00B2939A /* Badge.swift */ = {isa = PBXFileReference; lastKnownFileType = sourcecode.swift; path = Badge.swift; sourceTree = "<group>"; };
		FA6E710E263B026400B2939A /* Hike.swift */ = {isa = PBXFileReference; lastKnownFileType = sourcecode.swift; path = Hike.swift; sourceTree = "<group>"; };
		FA6E7111263B036300B2939A /* GraphCapsule.swift */ = {isa = PBXFileReference; fileEncoding = 4; lastKnownFileType = sourcecode.swift; path = GraphCapsule.swift; sourceTree = "<group>"; };
		FA6E7112263B036300B2939A /* HikeGraph.swift */ = {isa = PBXFileReference; fileEncoding = 4; lastKnownFileType = sourcecode.swift; path = HikeGraph.swift; sourceTree = "<group>"; };
		FA6E7113263B036300B2939A /* HikeDetail.swift */ = {isa = PBXFileReference; fileEncoding = 4; lastKnownFileType = sourcecode.swift; path = HikeDetail.swift; sourceTree = "<group>"; };
		FA6E7114263B036300B2939A /* HikeView.swift */ = {isa = PBXFileReference; fileEncoding = 4; lastKnownFileType = sourcecode.swift; path = HikeView.swift; sourceTree = "<group>"; };
		FA6E7119263B0F9300B2939A /* HikeBadge.swift */ = {isa = PBXFileReference; lastKnownFileType = sourcecode.swift; path = HikeBadge.swift; sourceTree = "<group>"; };
		FA6EE3D22639B15700D684D1 /* CategoryRow.swift */ = {isa = PBXFileReference; lastKnownFileType = sourcecode.swift; path = CategoryRow.swift; sourceTree = "<group>"; };
		FA6EE3D42639B31700D684D1 /* CategoryItem.swift */ = {isa = PBXFileReference; lastKnownFileType = sourcecode.swift; path = CategoryItem.swift; sourceTree = "<group>"; };
		FA6EE3D62639B51900D684D1 /* hikeData.json */ = {isa = PBXFileReference; fileEncoding = 4; lastKnownFileType = text.json; path = hikeData.json; sourceTree = "<group>"; };
		FABF7C9E263EE19000B376B8 /* WatchLandmarks.app */ = {isa = PBXFileReference; explicitFileType = wrapper.application; includeInIndex = 0; path = WatchLandmarks.app; sourceTree = BUILT_PRODUCTS_DIR; };
		FABF7CA0263EE19100B376B8 /* Assets.xcassets */ = {isa = PBXFileReference; lastKnownFileType = folder.assetcatalog; path = Assets.xcassets; sourceTree = "<group>"; };
		FABF7CA2263EE19100B376B8 /* Info.plist */ = {isa = PBXFileReference; lastKnownFileType = text.plist.xml; path = Info.plist; sourceTree = "<group>"; };
		FABF7CA7263EE19100B376B8 /* WatchLandmarks Extension.appex */ = {isa = PBXFileReference; explicitFileType = "wrapper.app-extension"; includeInIndex = 0; path = "WatchLandmarks Extension.appex"; sourceTree = BUILT_PRODUCTS_DIR; };
		FABF7CAE263EE19100B376B8 /* ContentView.swift */ = {isa = PBXFileReference; lastKnownFileType = sourcecode.swift; path = ContentView.swift; sourceTree = "<group>"; };
		FABF7CB0263EE19100B376B8 /* NotificationController.swift */ = {isa = PBXFileReference; lastKnownFileType = sourcecode.swift; path = NotificationController.swift; sourceTree = "<group>"; };
		FABF7CB2263EE19100B376B8 /* NotificationView.swift */ = {isa = PBXFileReference; lastKnownFileType = sourcecode.swift; path = NotificationView.swift; sourceTree = "<group>"; };
		FABF7CB4263EE19100B376B8 /* ComplicationController.swift */ = {isa = PBXFileReference; lastKnownFileType = sourcecode.swift; path = ComplicationController.swift; sourceTree = "<group>"; };
		FABF7CB6263EE19100B376B8 /* Assets.xcassets */ = {isa = PBXFileReference; lastKnownFileType = folder.assetcatalog; path = Assets.xcassets; sourceTree = "<group>"; };
		FABF7CB9263EE19100B376B8 /* Preview Assets.xcassets */ = {isa = PBXFileReference; lastKnownFileType = folder.assetcatalog; path = "Preview Assets.xcassets"; sourceTree = "<group>"; };
		FABF7CBB263EE19100B376B8 /* Info.plist */ = {isa = PBXFileReference; lastKnownFileType = text.plist.xml; path = Info.plist; sourceTree = "<group>"; };
		FABF7CBC263EE19100B376B8 /* PushNotificationPayload.apns */ = {isa = PBXFileReference; lastKnownFileType = text; path = PushNotificationPayload.apns; sourceTree = "<group>"; };
		FABF7CC9263EE35E00B376B8 /* LandmarkDetail.swift */ = {isa = PBXFileReference; lastKnownFileType = sourcecode.swift; path = LandmarkDetail.swift; sourceTree = "<group>"; };
		FAF2910B263D936F00AAC3DE /* PageViewController.swift */ = {isa = PBXFileReference; lastKnownFileType = sourcecode.swift; path = PageViewController.swift; sourceTree = "<group>"; };
		FAF2910D263D94F100AAC3DE /* FeatureCard.swift */ = {isa = PBXFileReference; lastKnownFileType = sourcecode.swift; path = FeatureCard.swift; sourceTree = "<group>"; };
		FAF2910F263D968900AAC3DE /* PageView.swift */ = {isa = PBXFileReference; lastKnownFileType = sourcecode.swift; path = PageView.swift; sourceTree = "<group>"; };
		FAF29111263D9B9900AAC3DE /* PageControl.swift */ = {isa = PBXFileReference; lastKnownFileType = sourcecode.swift; path = PageControl.swift; sourceTree = "<group>"; };
/* End PBXFileReference section */

/* Begin PBXFrameworksBuildPhase section */
		FA4D9DA92637096100B9CB8D /* Frameworks */ = {
			isa = PBXFrameworksBuildPhase;
			buildActionMask = 2147483647;
			files = (
			);
			runOnlyForDeploymentPostprocessing = 0;
		};
		FA6552AE263FF5A700835AEC /* Frameworks */ = {
			isa = PBXFrameworksBuildPhase;
			buildActionMask = 2147483647;
			files = (
			);
			runOnlyForDeploymentPostprocessing = 0;
		};
		FABF7CA4263EE19100B376B8 /* Frameworks */ = {
			isa = PBXFrameworksBuildPhase;
			buildActionMask = 2147483647;
			files = (
			);
			runOnlyForDeploymentPostprocessing = 0;
		};
/* End PBXFrameworksBuildPhase section */

/* Begin PBXGroup section */
		FA4D9DA32637096100B9CB8D = {
			isa = PBXGroup;
			children = (
				FA4D9DAE2637096100B9CB8D /* Landmarks */,
				FABF7C9F263EE19000B376B8 /* WatchLandmarks */,
				FABF7CAB263EE19100B376B8 /* WatchLandmarks Extension */,
				FA6552B2263FF5A700835AEC /* MacLandmarks */,
				FA4D9DAD2637096100B9CB8D /* Products */,
			);
			sourceTree = "<group>";
		};
		FA4D9DAD2637096100B9CB8D /* Products */ = {
			isa = PBXGroup;
			children = (
				FA4D9DAC2637096100B9CB8D /* Landmarks.app */,
				FABF7C9E263EE19000B376B8 /* WatchLandmarks.app */,
				FABF7CA7263EE19100B376B8 /* WatchLandmarks Extension.appex */,
				FA6552B1263FF5A700835AEC /* MacLandmarks.app */,
			);
			name = Products;
			sourceTree = "<group>";
		};
		FA4D9DAE2637096100B9CB8D /* Landmarks */ = {
			isa = PBXGroup;
			children = (
				FA4D9DAF2637096100B9CB8D /* LandmarksApp.swift */,
				FA4D9DCF2637192400B9CB8D /* Views */,
				FA4D9DD22637193D00B9CB8D /* Model */,
				FA4D9DD12637193200B9CB8D /* Resources */,
				FA4D9DB32637096200B9CB8D /* Assets.xcassets */,
				FA4D9DB82637096200B9CB8D /* Info.plist */,
				FA4D9DB52637096200B9CB8D /* Preview Content */,
			);
			path = Landmarks;
			sourceTree = "<group>";
		};
		FA4D9DB52637096200B9CB8D /* Preview Content */ = {
			isa = PBXGroup;
			children = (
				FA4D9DB62637096200B9CB8D /* Preview Assets.xcassets */,
			);
			path = "Preview Content";
			sourceTree = "<group>";
		};
		FA4D9DCF2637192400B9CB8D /* Views */ = {
			isa = PBXGroup;
			children = (
				FA4D9DB12637096100B9CB8D /* ContentView.swift */,
				FAF2910A263D935800AAC3DE /* PageView */,
				FA6E70FE263AED4A00B2939A /* Profiles */,
				FA5FE16B2639AF5300825C57 /* Categories */,
				FA6E7110263B036300B2939A /* Hikes */,
				FA4D9DE426372E3300B9CB8D /* Landmarks */,
				FA4D9DE226372E2800B9CB8D /* Helpers */,
				FA6E7109263AFF4000B2939A /* Badge */,
			);
			path = Views;
			sourceTree = "<group>";
		};
		FA4D9DD12637193200B9CB8D /* Resources */ = {
			isa = PBXGroup;
			children = (
				FA6EE3D62639B51900D684D1 /* hikeData.json */,
				FA4D9DC5263711B900B9CB8D /* landmarkData.json */,
			);
			path = Resources;
			sourceTree = "<group>";
		};
		FA4D9DD22637193D00B9CB8D /* Model */ = {
			isa = PBXGroup;
			children = (
				FA4D9DC8263711E100B9CB8D /* Landmark.swift */,
				FA4D9DCC2637165500B9CB8D /* ModelData.swift */,
				FA6E70FC263AEC1400B2939A /* Profile.swift */,
				FA6E710E263B026400B2939A /* Hike.swift */,
			);
			path = Model;
			sourceTree = "<group>";
		};
		FA4D9DE226372E2800B9CB8D /* Helpers */ = {
			isa = PBXGroup;
			children = (
				FA4D9DBF26370BD000B9CB8D /* CircleImage.swift */,
				FA4D9DC226370C5100B9CB8D /* MapView.swift */,
				FA4D9DDF26372D8F00B9CB8D /* FavoriteButton.swift */,
			);
			path = Helpers;
			sourceTree = "<group>";
		};
		FA4D9DE426372E3300B9CB8D /* Landmarks */ = {
			isa = PBXGroup;
			children = (
				FA4D9DD42637199600B9CB8D /* LandmarkRow.swift */,
				FA4D9DD726371AC100B9CB8D /* LandmarkList.swift */,
				FA4D9DDA26371BB600B9CB8D /* LandmarkDetail.swift */,
			);
			path = Landmarks;
			sourceTree = "<group>";
		};
		FA5FE16B2639AF5300825C57 /* Categories */ = {
			isa = PBXGroup;
			children = (
				FA5FE16C2639AF6500825C57 /* CategoryHome.swift */,
				FA6EE3D22639B15700D684D1 /* CategoryRow.swift */,
				FA6EE3D42639B31700D684D1 /* CategoryItem.swift */,
			);
			path = Categories;
			sourceTree = "<group>";
		};
		FA6552B2263FF5A700835AEC /* MacLandmarks */ = {
			isa = PBXGroup;
			children = (
				FA6552B5263FF5A700835AEC /* ContentView.swift */,
				FA6552CE263FF6D100835AEC /* LandmarkDetail.swift */,
				FA6552B7263FF5A800835AEC /* Assets.xcassets */,
				FA6552BC263FF5A800835AEC /* Info.plist */,
				FA6552BD263FF5A800835AEC /* MacLandmarks.entitlements */,
				FA6552B9263FF5A800835AEC /* Preview Content */,
			);
			path = MacLandmarks;
			sourceTree = "<group>";
		};
		FA6552B9263FF5A800835AEC /* Preview Content */ = {
			isa = PBXGroup;
			children = (
				FA6552BA263FF5A800835AEC /* Preview Assets.xcassets */,
			);
			path = "Preview Content";
			sourceTree = "<group>";
		};
		FA6E70FE263AED4A00B2939A /* Profiles */ = {
			isa = PBXGroup;
			children = (
				FA6E70FF263AED6200B2939A /* ProfileHost.swift */,
				FA6E7101263AEDCD00B2939A /* ProfileSummary.swift */,
				FA68A7BF263C668F00C93601 /* ProfileEditor.swift */,
			);
			path = Profiles;
			sourceTree = "<group>";
		};
		FA6E7109263AFF4000B2939A /* Badge */ = {
			isa = PBXGroup;
			children = (
				FA6E7103263AF94300B2939A /* HexagonParameters.swift */,
				FA6E7105263AFB0E00B2939A /* BadgeBackground.swift */,
				FA6E7107263AFE8B00B2939A /* BadgeSymbol.swift */,
				FA6E710A263AFF5100B2939A /* RotatedBadgeSymbol.swift */,
				FA6E710C263AFFBE00B2939A /* Badge.swift */,
			);
			path = Badge;
			sourceTree = "<group>";
		};
		FA6E7110263B036300B2939A /* Hikes */ = {
			isa = PBXGroup;
			children = (
				FA6E7111263B036300B2939A /* GraphCapsule.swift */,
				FA6E7112263B036300B2939A /* HikeGraph.swift */,
				FA6E7113263B036300B2939A /* HikeDetail.swift */,
				FA6E7114263B036300B2939A /* HikeView.swift */,
				FA6E7119263B0F9300B2939A /* HikeBadge.swift */,
			);
			path = Hikes;
			sourceTree = "<group>";
		};
		FABF7C9F263EE19000B376B8 /* WatchLandmarks */ = {
			isa = PBXGroup;
			children = (
				FABF7CA0263EE19100B376B8 /* Assets.xcassets */,
				FABF7CA2263EE19100B376B8 /* Info.plist */,
			);
			path = WatchLandmarks;
			sourceTree = "<group>";
		};
		FABF7CAB263EE19100B376B8 /* WatchLandmarks Extension */ = {
			isa = PBXGroup;
			children = (
				FABF7CAE263EE19100B376B8 /* ContentView.swift */,
				FABF7CB0263EE19100B376B8 /* NotificationController.swift */,
				FABF7CB2263EE19100B376B8 /* NotificationView.swift */,
				FABF7CB4263EE19100B376B8 /* ComplicationController.swift */,
				FABF7CC9263EE35E00B376B8 /* LandmarkDetail.swift */,
				FA6552D0263FFCFA00835AEC /* LandmarkList.swift */,
				FABF7CB6263EE19100B376B8 /* Assets.xcassets */,
				FABF7CBB263EE19100B376B8 /* Info.plist */,
				FABF7CBC263EE19100B376B8 /* PushNotificationPayload.apns */,
				FABF7CB8263EE19100B376B8 /* Preview Content */,
			);
			path = "WatchLandmarks Extension";
			sourceTree = "<group>";
		};
		FABF7CB8263EE19100B376B8 /* Preview Content */ = {
			isa = PBXGroup;
			children = (
				FABF7CB9263EE19100B376B8 /* Preview Assets.xcassets */,
			);
			path = "Preview Content";
			sourceTree = "<group>";
		};
		FAF2910A263D935800AAC3DE /* PageView */ = {
			isa = PBXGroup;
			children = (
				FAF2910B263D936F00AAC3DE /* PageViewController.swift */,
				FAF2910D263D94F100AAC3DE /* FeatureCard.swift */,
				FAF2910F263D968900AAC3DE /* PageView.swift */,
				FAF29111263D9B9900AAC3DE /* PageControl.swift */,
			);
			path = PageView;
			sourceTree = "<group>";
		};
/* End PBXGroup section */

/* Begin PBXNativeTarget section */
		FA4D9DAB2637096100B9CB8D /* Landmarks */ = {
			isa = PBXNativeTarget;
			buildConfigurationList = FA4D9DBB2637096200B9CB8D /* Build configuration list for PBXNativeTarget "Landmarks" */;
			buildPhases = (
				FA4D9DA82637096100B9CB8D /* Sources */,
				FA4D9DA92637096100B9CB8D /* Frameworks */,
				FA4D9DAA2637096100B9CB8D /* Resources */,
				FABF7CC0263EE19100B376B8 /* Embed Watch Content */,
			);
			buildRules = (
			);
			dependencies = (
				FABF7CBE263EE19100B376B8 /* PBXTargetDependency */,
			);
			name = Landmarks;
			productName = Landmarks;
			productReference = FA4D9DAC2637096100B9CB8D /* Landmarks.app */;
			productType = "com.apple.product-type.application";
		};
		FA6552B0263FF5A700835AEC /* MacLandmarks */ = {
			isa = PBXNativeTarget;
			buildConfigurationList = FA6552C0263FF5A800835AEC /* Build configuration list for PBXNativeTarget "MacLandmarks" */;
			buildPhases = (
				FA6552AD263FF5A700835AEC /* Sources */,
				FA6552AE263FF5A700835AEC /* Frameworks */,
				FA6552AF263FF5A700835AEC /* Resources */,
			);
			buildRules = (
			);
			dependencies = (
			);
			name = MacLandmarks;
			productName = MacLandmarks;
			productReference = FA6552B1263FF5A700835AEC /* MacLandmarks.app */;
			productType = "com.apple.product-type.application";
		};
		FABF7C9D263EE19000B376B8 /* WatchLandmarks */ = {
			isa = PBXNativeTarget;
			buildConfigurationList = FABF7CC7263EE19100B376B8 /* Build configuration list for PBXNativeTarget "WatchLandmarks" */;
			buildPhases = (
				FABF7C9C263EE19000B376B8 /* Resources */,
				FABF7CC3263EE19100B376B8 /* Embed App Extensions */,
			);
			buildRules = (
			);
			dependencies = (
				FABF7CAA263EE19100B376B8 /* PBXTargetDependency */,
			);
			name = WatchLandmarks;
			productName = WatchLandmarks;
			productReference = FABF7C9E263EE19000B376B8 /* WatchLandmarks.app */;
			productType = "com.apple.product-type.application.watchapp2";
		};
		FABF7CA6263EE19100B376B8 /* WatchLandmarks Extension */ = {
			isa = PBXNativeTarget;
			buildConfigurationList = FABF7CC6263EE19100B376B8 /* Build configuration list for PBXNativeTarget "WatchLandmarks Extension" */;
			buildPhases = (
				FABF7CA3263EE19100B376B8 /* Sources */,
				FABF7CA4263EE19100B376B8 /* Frameworks */,
				FABF7CA5263EE19100B376B8 /* Resources */,
			);
			buildRules = (
			);
			dependencies = (
			);
			name = "WatchLandmarks Extension";
			productName = "WatchLandmarks Extension";
			productReference = FABF7CA7263EE19100B376B8 /* WatchLandmarks Extension.appex */;
			productType = "com.apple.product-type.watchkit2-extension";
		};
/* End PBXNativeTarget section */

/* Begin PBXProject section */
		FA4D9DA42637096100B9CB8D /* Project object */ = {
			isa = PBXProject;
			attributes = {
				LastSwiftUpdateCheck = 1250;
				LastUpgradeCheck = 1240;
				TargetAttributes = {
					FA4D9DAB2637096100B9CB8D = {
						CreatedOnToolsVersion = 12.4;
					};
					FA6552B0263FF5A700835AEC = {
						CreatedOnToolsVersion = 12.5;
					};
					FABF7C9D263EE19000B376B8 = {
						CreatedOnToolsVersion = 12.5;
					};
					FABF7CA6263EE19100B376B8 = {
						CreatedOnToolsVersion = 12.5;
					};
				};
			};
			buildConfigurationList = FA4D9DA72637096100B9CB8D /* Build configuration list for PBXProject "Landmarks" */;
			compatibilityVersion = "Xcode 9.3";
			developmentRegion = en;
			hasScannedForEncodings = 0;
			knownRegions = (
				en,
				Base,
			);
			mainGroup = FA4D9DA32637096100B9CB8D;
			productRefGroup = FA4D9DAD2637096100B9CB8D /* Products */;
			projectDirPath = "";
			projectRoot = "";
			targets = (
				FA4D9DAB2637096100B9CB8D /* Landmarks */,
				FABF7C9D263EE19000B376B8 /* WatchLandmarks */,
				FABF7CA6263EE19100B376B8 /* WatchLandmarks Extension */,
				FA6552B0263FF5A700835AEC /* MacLandmarks */,
			);
		};
/* End PBXProject section */

/* Begin PBXResourcesBuildPhase section */
		FA4D9DAA2637096100B9CB8D /* Resources */ = {
			isa = PBXResourcesBuildPhase;
			buildActionMask = 2147483647;
			files = (
				FA6EE3D72639B51900D684D1 /* hikeData.json in Resources */,
				FA4D9DB72637096200B9CB8D /* Preview Assets.xcassets in Resources */,
				FA4D9DB42637096200B9CB8D /* Assets.xcassets in Resources */,
				FA4D9DC6263711B900B9CB8D /* landmarkData.json in Resources */,
			);
			runOnlyForDeploymentPostprocessing = 0;
		};
		FA6552AF263FF5A700835AEC /* Resources */ = {
			isa = PBXResourcesBuildPhase;
			buildActionMask = 2147483647;
			files = (
				FA6552BB263FF5A800835AEC /* Preview Assets.xcassets in Resources */,
				FA6552C8263FF65100835AEC /* landmarkData.json in Resources */,
				FA6552C6263FF65100835AEC /* Assets.xcassets in Resources */,
				FA6552B8263FF5A800835AEC /* Assets.xcassets in Resources */,
				FA6552CC263FF65100835AEC /* hikeData.json in Resources */,
			);
			runOnlyForDeploymentPostprocessing = 0;
		};
		FABF7C9C263EE19000B376B8 /* Resources */ = {
			isa = PBXResourcesBuildPhase;
			buildActionMask = 2147483647;
			files = (
				FABF7CA1263EE19100B376B8 /* Assets.xcassets in Resources */,
			);
			runOnlyForDeploymentPostprocessing = 0;
		};
		FABF7CA5263EE19100B376B8 /* Resources */ = {
			isa = PBXResourcesBuildPhase;
			buildActionMask = 2147483647;
			files = (
				FABF7CBA263EE19100B376B8 /* Preview Assets.xcassets in Resources */,
				FABF7CCF263EE3C800B376B8 /* hikeData.json in Resources */,
				FABF7CD0263EE3C800B376B8 /* Assets.xcassets in Resources */,
				FABF7CD1263EE3C800B376B8 /* landmarkData.json in Resources */,
				FABF7CB7263EE19100B376B8 /* Assets.xcassets in Resources */,
			);
			runOnlyForDeploymentPostprocessing = 0;
		};
/* End PBXResourcesBuildPhase section */

/* Begin PBXSourcesBuildPhase section */
		FA4D9DA82637096100B9CB8D /* Sources */ = {
			isa = PBXSourcesBuildPhase;
			buildActionMask = 2147483647;
			files = (
				FA4D9DB22637096100B9CB8D /* ContentView.swift in Sources */,
				FA4D9DC326370C5100B9CB8D /* MapView.swift in Sources */,
				FA4D9DB02637096100B9CB8D /* LandmarksApp.swift in Sources */,
				FA6E710B263AFF5100B2939A /* RotatedBadgeSymbol.swift in Sources */,
				FAF2910E263D94F100AAC3DE /* FeatureCard.swift in Sources */,
				FA6E710F263B026400B2939A /* Hike.swift in Sources */,
				FA6E7100263AED6200B2939A /* ProfileHost.swift in Sources */,
				FA6E7115263B036300B2939A /* GraphCapsule.swift in Sources */,
				FA6E7118263B036300B2939A /* HikeView.swift in Sources */,
				FA6E7104263AF94300B2939A /* HexagonParameters.swift in Sources */,
				FAF29112263D9B9900AAC3DE /* PageControl.swift in Sources */,
				FA6E70FD263AEC1400B2939A /* Profile.swift in Sources */,
				FA6E7117263B036300B2939A /* HikeDetail.swift in Sources */,
				FA6E710D263AFFBE00B2939A /* Badge.swift in Sources */,
				FA4D9DE026372D8F00B9CB8D /* FavoriteButton.swift in Sources */,
				FA5FE16D2639AF6500825C57 /* CategoryHome.swift in Sources */,
				FA4D9DD826371AC100B9CB8D /* LandmarkList.swift in Sources */,
				FA6E7116263B036300B2939A /* HikeGraph.swift in Sources */,
				FA6E7108263AFE8B00B2939A /* BadgeSymbol.swift in Sources */,
				FAF29110263D968900AAC3DE /* PageView.swift in Sources */,
				FA4D9DDB26371BB600B9CB8D /* LandmarkDetail.swift in Sources */,
				FA68A7C0263C668F00C93601 /* ProfileEditor.swift in Sources */,
				FA4D9DC026370BD000B9CB8D /* CircleImage.swift in Sources */,
				FA6EE3D52639B31700D684D1 /* CategoryItem.swift in Sources */,
				FA4D9DC9263711E100B9CB8D /* Landmark.swift in Sources */,
				FAF2910C263D936F00AAC3DE /* PageViewController.swift in Sources */,
				FA6E7106263AFB0E00B2939A /* BadgeBackground.swift in Sources */,
				FA6E711A263B0F9300B2939A /* HikeBadge.swift in Sources */,
				FA4D9DD52637199600B9CB8D /* LandmarkRow.swift in Sources */,
				FA6EE3D32639B15700D684D1 /* CategoryRow.swift in Sources */,
				FA6E7102263AEDCD00B2939A /* ProfileSummary.swift in Sources */,
				FA4D9DCD2637165500B9CB8D /* ModelData.swift in Sources */,
			);
			runOnlyForDeploymentPostprocessing = 0;
		};
		FA6552AD263FF5A700835AEC /* Sources */ = {
			isa = PBXSourcesBuildPhase;
			buildActionMask = 2147483647;
			files = (
				FA6552C2263FF65100835AEC /* FavoriteButton.swift in Sources */,
				FA6552C5263FF65100835AEC /* MapView.swift in Sources */,
				FA6552C1263FF65100835AEC /* Hike.swift in Sources */,
				FA6552C9263FF65100835AEC /* Landmark.swift in Sources */,
				FA6552CF263FF6D100835AEC /* LandmarkDetail.swift in Sources */,
				FA6552B6263FF5A700835AEC /* ContentView.swift in Sources */,
				FA6552C3263FF65100835AEC /* LandmarksApp.swift in Sources */,
				FA6552C7263FF65100835AEC /* LandmarkRow.swift in Sources */,
				FA6552CB263FF65100835AEC /* ModelData.swift in Sources */,
				FA6552CD263FF65100835AEC /* CircleImage.swift in Sources */,
				FA6552CA263FF65100835AEC /* Profile.swift in Sources */,
				FA6552C4263FF65100835AEC /* LandmarkList.swift in Sources */,
			);
			runOnlyForDeploymentPostprocessing = 0;
		};
		FABF7CA3263EE19100B376B8 /* Sources */ = {
			isa = PBXSourcesBuildPhase;
			buildActionMask = 2147483647;
			files = (
				FABF7CCB263EE3B900B376B8 /* Landmark.swift in Sources */,
				FABF7CCE263EE3B900B376B8 /* Profile.swift in Sources */,
				FABF7CB1263EE19100B376B8 /* NotificationController.swift in Sources */,
				FABF7CD2263EE3D500B376B8 /* MapView.swift in Sources */,
				FA6552D1263FFCFA00835AEC /* LandmarkList.swift in Sources */,
				FABF7CAF263EE19100B376B8 /* ContentView.swift in Sources */,
				FABF7CD3263EE3D500B376B8 /* CircleImage.swift in Sources */,
				FABF7CB5263EE19100B376B8 /* ComplicationController.swift in Sources */,
				FABF7CC8263EE2B400B376B8 /* LandmarksApp.swift in Sources */,
				FABF7CCC263EE3B900B376B8 /* ModelData.swift in Sources */,
				FABF7CCD263EE3B900B376B8 /* Hike.swift in Sources */,
				FABF7CCA263EE35E00B376B8 /* LandmarkDetail.swift in Sources */,
				FABF7CD5263EE3DC00B376B8 /* LandmarkRow.swift in Sources */,
				FABF7CB3263EE19100B376B8 /* NotificationView.swift in Sources */,
			);
			runOnlyForDeploymentPostprocessing = 0;
		};
/* End PBXSourcesBuildPhase section */

/* Begin PBXTargetDependency section */
		FABF7CAA263EE19100B376B8 /* PBXTargetDependency */ = {
			isa = PBXTargetDependency;
			target = FABF7CA6263EE19100B376B8 /* WatchLandmarks Extension */;
			targetProxy = FABF7CA9263EE19100B376B8 /* PBXContainerItemProxy */;
		};
		FABF7CBE263EE19100B376B8 /* PBXTargetDependency */ = {
			isa = PBXTargetDependency;
			target = FABF7C9D263EE19000B376B8 /* WatchLandmarks */;
			targetProxy = FABF7CBD263EE19100B376B8 /* PBXContainerItemProxy */;
		};
/* End PBXTargetDependency section */

/* Begin XCBuildConfiguration section */
		FA4D9DB92637096200B9CB8D /* Debug */ = {
			isa = XCBuildConfiguration;
			buildSettings = {
				ALWAYS_SEARCH_USER_PATHS = NO;
				CLANG_ANALYZER_NONNULL = YES;
				CLANG_ANALYZER_NUMBER_OBJECT_CONVERSION = YES_AGGRESSIVE;
				CLANG_CXX_LANGUAGE_STANDARD = "gnu++14";
				CLANG_CXX_LIBRARY = "libc++";
				CLANG_ENABLE_MODULES = YES;
				CLANG_ENABLE_OBJC_ARC = YES;
				CLANG_ENABLE_OBJC_WEAK = YES;
				CLANG_WARN_BLOCK_CAPTURE_AUTORELEASING = YES;
				CLANG_WARN_BOOL_CONVERSION = YES;
				CLANG_WARN_COMMA = YES;
				CLANG_WARN_CONSTANT_CONVERSION = YES;
				CLANG_WARN_DEPRECATED_OBJC_IMPLEMENTATIONS = YES;
				CLANG_WARN_DIRECT_OBJC_ISA_USAGE = YES_ERROR;
				CLANG_WARN_DOCUMENTATION_COMMENTS = YES;
				CLANG_WARN_EMPTY_BODY = YES;
				CLANG_WARN_ENUM_CONVERSION = YES;
				CLANG_WARN_INFINITE_RECURSION = YES;
				CLANG_WARN_INT_CONVERSION = YES;
				CLANG_WARN_NON_LITERAL_NULL_CONVERSION = YES;
				CLANG_WARN_OBJC_IMPLICIT_RETAIN_SELF = YES;
				CLANG_WARN_OBJC_LITERAL_CONVERSION = YES;
				CLANG_WARN_OBJC_ROOT_CLASS = YES_ERROR;
				CLANG_WARN_QUOTED_INCLUDE_IN_FRAMEWORK_HEADER = YES;
				CLANG_WARN_RANGE_LOOP_ANALYSIS = YES;
				CLANG_WARN_STRICT_PROTOTYPES = YES;
				CLANG_WARN_SUSPICIOUS_MOVE = YES;
				CLANG_WARN_UNGUARDED_AVAILABILITY = YES_AGGRESSIVE;
				CLANG_WARN_UNREACHABLE_CODE = YES;
				CLANG_WARN__DUPLICATE_METHOD_MATCH = YES;
				COPY_PHASE_STRIP = NO;
				DEBUG_INFORMATION_FORMAT = dwarf;
				ENABLE_STRICT_OBJC_MSGSEND = YES;
				ENABLE_TESTABILITY = YES;
				GCC_C_LANGUAGE_STANDARD = gnu11;
				GCC_DYNAMIC_NO_PIC = NO;
				GCC_NO_COMMON_BLOCKS = YES;
				GCC_OPTIMIZATION_LEVEL = 0;
				GCC_PREPROCESSOR_DEFINITIONS = (
					"DEBUG=1",
					"$(inherited)",
				);
				GCC_WARN_64_TO_32_BIT_CONVERSION = YES;
				GCC_WARN_ABOUT_RETURN_TYPE = YES_ERROR;
				GCC_WARN_UNDECLARED_SELECTOR = YES;
				GCC_WARN_UNINITIALIZED_AUTOS = YES_AGGRESSIVE;
				GCC_WARN_UNUSED_FUNCTION = YES;
				GCC_WARN_UNUSED_VARIABLE = YES;
				IPHONEOS_DEPLOYMENT_TARGET = 14.4;
				MTL_ENABLE_DEBUG_INFO = INCLUDE_SOURCE;
				MTL_FAST_MATH = YES;
				ONLY_ACTIVE_ARCH = YES;
				SDKROOT = iphoneos;
				SWIFT_ACTIVE_COMPILATION_CONDITIONS = DEBUG;
				SWIFT_OPTIMIZATION_LEVEL = "-Onone";
			};
			name = Debug;
		};
		FA4D9DBA2637096200B9CB8D /* Release */ = {
			isa = XCBuildConfiguration;
			buildSettings = {
				ALWAYS_SEARCH_USER_PATHS = NO;
				CLANG_ANALYZER_NONNULL = YES;
				CLANG_ANALYZER_NUMBER_OBJECT_CONVERSION = YES_AGGRESSIVE;
				CLANG_CXX_LANGUAGE_STANDARD = "gnu++14";
				CLANG_CXX_LIBRARY = "libc++";
				CLANG_ENABLE_MODULES = YES;
				CLANG_ENABLE_OBJC_ARC = YES;
				CLANG_ENABLE_OBJC_WEAK = YES;
				CLANG_WARN_BLOCK_CAPTURE_AUTORELEASING = YES;
				CLANG_WARN_BOOL_CONVERSION = YES;
				CLANG_WARN_COMMA = YES;
				CLANG_WARN_CONSTANT_CONVERSION = YES;
				CLANG_WARN_DEPRECATED_OBJC_IMPLEMENTATIONS = YES;
				CLANG_WARN_DIRECT_OBJC_ISA_USAGE = YES_ERROR;
				CLANG_WARN_DOCUMENTATION_COMMENTS = YES;
				CLANG_WARN_EMPTY_BODY = YES;
				CLANG_WARN_ENUM_CONVERSION = YES;
				CLANG_WARN_INFINITE_RECURSION = YES;
				CLANG_WARN_INT_CONVERSION = YES;
				CLANG_WARN_NON_LITERAL_NULL_CONVERSION = YES;
				CLANG_WARN_OBJC_IMPLICIT_RETAIN_SELF = YES;
				CLANG_WARN_OBJC_LITERAL_CONVERSION = YES;
				CLANG_WARN_OBJC_ROOT_CLASS = YES_ERROR;
				CLANG_WARN_QUOTED_INCLUDE_IN_FRAMEWORK_HEADER = YES;
				CLANG_WARN_RANGE_LOOP_ANALYSIS = YES;
				CLANG_WARN_STRICT_PROTOTYPES = YES;
				CLANG_WARN_SUSPICIOUS_MOVE = YES;
				CLANG_WARN_UNGUARDED_AVAILABILITY = YES_AGGRESSIVE;
				CLANG_WARN_UNREACHABLE_CODE = YES;
				CLANG_WARN__DUPLICATE_METHOD_MATCH = YES;
				COPY_PHASE_STRIP = NO;
				DEBUG_INFORMATION_FORMAT = "dwarf-with-dsym";
				ENABLE_NS_ASSERTIONS = NO;
				ENABLE_STRICT_OBJC_MSGSEND = YES;
				GCC_C_LANGUAGE_STANDARD = gnu11;
				GCC_NO_COMMON_BLOCKS = YES;
				GCC_WARN_64_TO_32_BIT_CONVERSION = YES;
				GCC_WARN_ABOUT_RETURN_TYPE = YES_ERROR;
				GCC_WARN_UNDECLARED_SELECTOR = YES;
				GCC_WARN_UNINITIALIZED_AUTOS = YES_AGGRESSIVE;
				GCC_WARN_UNUSED_FUNCTION = YES;
				GCC_WARN_UNUSED_VARIABLE = YES;
				IPHONEOS_DEPLOYMENT_TARGET = 14.4;
				MTL_ENABLE_DEBUG_INFO = NO;
				MTL_FAST_MATH = YES;
				SDKROOT = iphoneos;
				SWIFT_COMPILATION_MODE = wholemodule;
				SWIFT_OPTIMIZATION_LEVEL = "-O";
				VALIDATE_PRODUCT = YES;
			};
			name = Release;
		};
		FA4D9DBC2637096200B9CB8D /* Debug */ = {
			isa = XCBuildConfiguration;
			buildSettings = {
				ASSETCATALOG_COMPILER_APPICON_NAME = AppIcon;
				ASSETCATALOG_COMPILER_GLOBAL_ACCENT_COLOR_NAME = AccentColor;
				CODE_SIGN_STYLE = Automatic;
				DEVELOPMENT_ASSET_PATHS = "\"Landmarks/Preview Content\"";
				DEVELOPMENT_TEAM = 5V98Z8U43N;
				ENABLE_PREVIEWS = YES;
				INFOPLIST_FILE = Landmarks/Info.plist;
				IPHONEOS_DEPLOYMENT_TARGET = 14.0;
				LD_RUNPATH_SEARCH_PATHS = (
					"$(inherited)",
					"@executable_path/Frameworks",
				);
				PRODUCT_BUNDLE_IDENTIFIER = "Manuel-Casocavallo.Landmarks";
				PRODUCT_NAME = "$(TARGET_NAME)";
				SWIFT_VERSION = 5.0;
				TARGETED_DEVICE_FAMILY = "1,2";
			};
			name = Debug;
		};
		FA4D9DBD2637096200B9CB8D /* Release */ = {
			isa = XCBuildConfiguration;
			buildSettings = {
				ASSETCATALOG_COMPILER_APPICON_NAME = AppIcon;
				ASSETCATALOG_COMPILER_GLOBAL_ACCENT_COLOR_NAME = AccentColor;
				CODE_SIGN_STYLE = Automatic;
				DEVELOPMENT_ASSET_PATHS = "\"Landmarks/Preview Content\"";
				DEVELOPMENT_TEAM = 5V98Z8U43N;
				ENABLE_PREVIEWS = YES;
				INFOPLIST_FILE = Landmarks/Info.plist;
				IPHONEOS_DEPLOYMENT_TARGET = 14.0;
				LD_RUNPATH_SEARCH_PATHS = (
					"$(inherited)",
					"@executable_path/Frameworks",
				);
				PRODUCT_BUNDLE_IDENTIFIER = "Manuel-Casocavallo.Landmarks";
				PRODUCT_NAME = "$(TARGET_NAME)";
				SWIFT_VERSION = 5.0;
				TARGETED_DEVICE_FAMILY = "1,2";
			};
			name = Release;
		};
		FA6552BE263FF5A800835AEC /* Debug */ = {
			isa = XCBuildConfiguration;
			buildSettings = {
				ASSETCATALOG_COMPILER_APPICON_NAME = AppIcon;
				ASSETCATALOG_COMPILER_GLOBAL_ACCENT_COLOR_NAME = AccentColor;
				CODE_SIGN_ENTITLEMENTS = MacLandmarks/MacLandmarks.entitlements;
				CODE_SIGN_STYLE = Automatic;
				COMBINE_HIDPI_IMAGES = YES;
				DEVELOPMENT_ASSET_PATHS = "\"MacLandmarks/Preview Content\"";
				DEVELOPMENT_TEAM = 5V98Z8U43N;
				ENABLE_HARDENED_RUNTIME = YES;
				ENABLE_PREVIEWS = YES;
				INFOPLIST_FILE = MacLandmarks/Info.plist;
				LD_RUNPATH_SEARCH_PATHS = (
					"$(inherited)",
					"@executable_path/../Frameworks",
				);
				MACOSX_DEPLOYMENT_TARGET = 11.3;
				PRODUCT_BUNDLE_IDENTIFIER = "Manuel-Casocavallo.MacLandmarks";
				PRODUCT_NAME = "$(TARGET_NAME)";
				SDKROOT = macosx;
				SWIFT_VERSION = 5.0;
			};
			name = Debug;
		};
		FA6552BF263FF5A800835AEC /* Release */ = {
			isa = XCBuildConfiguration;
			buildSettings = {
				ASSETCATALOG_COMPILER_APPICON_NAME = AppIcon;
				ASSETCATALOG_COMPILER_GLOBAL_ACCENT_COLOR_NAME = AccentColor;
				CODE_SIGN_ENTITLEMENTS = MacLandmarks/MacLandmarks.entitlements;
				CODE_SIGN_STYLE = Automatic;
				COMBINE_HIDPI_IMAGES = YES;
				DEVELOPMENT_ASSET_PATHS = "\"MacLandmarks/Preview Content\"";
				DEVELOPMENT_TEAM = 5V98Z8U43N;
				ENABLE_HARDENED_RUNTIME = YES;
				ENABLE_PREVIEWS = YES;
				INFOPLIST_FILE = MacLandmarks/Info.plist;
				LD_RUNPATH_SEARCH_PATHS = (
					"$(inherited)",
					"@executable_path/../Frameworks",
				);
				MACOSX_DEPLOYMENT_TARGET = 11.3;
				PRODUCT_BUNDLE_IDENTIFIER = "Manuel-Casocavallo.MacLandmarks";
				PRODUCT_NAME = "$(TARGET_NAME)";
				SDKROOT = macosx;
				SWIFT_VERSION = 5.0;
			};
			name = Release;
		};
		FABF7CC1263EE19100B376B8 /* Debug */ = {
			isa = XCBuildConfiguration;
			buildSettings = {
				ALWAYS_EMBED_SWIFT_STANDARD_LIBRARIES = YES;
				ASSETCATALOG_COMPILER_APPICON_NAME = AppIcon;
				ASSETCATALOG_COMPILER_GLOBAL_ACCENT_COLOR_NAME = AccentColor;
				CODE_SIGN_STYLE = Automatic;
				DEVELOPMENT_TEAM = 5V98Z8U43N;
				IBSC_MODULE = WatchLandmarks_Extension;
				INFOPLIST_FILE = WatchLandmarks/Info.plist;
				PRODUCT_BUNDLE_IDENTIFIER = "Manuel-Casocavallo.Landmarks.watchkitapp";
				PRODUCT_NAME = "$(TARGET_NAME)";
				SDKROOT = watchos;
				SKIP_INSTALL = YES;
				SWIFT_VERSION = 5.0;
				TARGETED_DEVICE_FAMILY = 4;
				WATCHOS_DEPLOYMENT_TARGET = 7.4;
			};
			name = Debug;
		};
		FABF7CC2263EE19100B376B8 /* Release */ = {
			isa = XCBuildConfiguration;
			buildSettings = {
				ALWAYS_EMBED_SWIFT_STANDARD_LIBRARIES = YES;
				ASSETCATALOG_COMPILER_APPICON_NAME = AppIcon;
				ASSETCATALOG_COMPILER_GLOBAL_ACCENT_COLOR_NAME = AccentColor;
				CODE_SIGN_STYLE = Automatic;
				DEVELOPMENT_TEAM = 5V98Z8U43N;
				IBSC_MODULE = WatchLandmarks_Extension;
				INFOPLIST_FILE = WatchLandmarks/Info.plist;
				PRODUCT_BUNDLE_IDENTIFIER = "Manuel-Casocavallo.Landmarks.watchkitapp";
				PRODUCT_NAME = "$(TARGET_NAME)";
				SDKROOT = watchos;
				SKIP_INSTALL = YES;
				SWIFT_VERSION = 5.0;
				TARGETED_DEVICE_FAMILY = 4;
				WATCHOS_DEPLOYMENT_TARGET = 7.4;
			};
			name = Release;
		};
		FABF7CC4263EE19100B376B8 /* Debug */ = {
			isa = XCBuildConfiguration;
			buildSettings = {
				ASSETCATALOG_COMPILER_COMPLICATION_NAME = Complication;
				CODE_SIGN_STYLE = Automatic;
				DEVELOPMENT_ASSET_PATHS = "\"WatchLandmarks Extension/Preview Content\"";
				DEVELOPMENT_TEAM = 5V98Z8U43N;
				ENABLE_PREVIEWS = YES;
				INFOPLIST_FILE = "WatchLandmarks Extension/Info.plist";
				LD_RUNPATH_SEARCH_PATHS = (
					"$(inherited)",
					"@executable_path/Frameworks",
					"@executable_path/../../Frameworks",
				);
				PRODUCT_BUNDLE_IDENTIFIER = "Manuel-Casocavallo.Landmarks.watchkitapp.watchkitextension";
				PRODUCT_NAME = "${TARGET_NAME}";
				SDKROOT = watchos;
				SKIP_INSTALL = YES;
				SWIFT_VERSION = 5.0;
				TARGETED_DEVICE_FAMILY = 4;
				WATCHOS_DEPLOYMENT_TARGET = 7.4;
			};
			name = Debug;
		};
		FABF7CC5263EE19100B376B8 /* Release */ = {
			isa = XCBuildConfiguration;
			buildSettings = {
				ASSETCATALOG_COMPILER_COMPLICATION_NAME = Complication;
				CODE_SIGN_STYLE = Automatic;
				DEVELOPMENT_ASSET_PATHS = "\"WatchLandmarks Extension/Preview Content\"";
				DEVELOPMENT_TEAM = 5V98Z8U43N;
				ENABLE_PREVIEWS = YES;
				INFOPLIST_FILE = "WatchLandmarks Extension/Info.plist";
				LD_RUNPATH_SEARCH_PATHS = (
					"$(inherited)",
					"@executable_path/Frameworks",
					"@executable_path/../../Frameworks",
				);
				PRODUCT_BUNDLE_IDENTIFIER = "Manuel-Casocavallo.Landmarks.watchkitapp.watchkitextension";
				PRODUCT_NAME = "${TARGET_NAME}";
				SDKROOT = watchos;
				SKIP_INSTALL = YES;
				SWIFT_VERSION = 5.0;
				TARGETED_DEVICE_FAMILY = 4;
				WATCHOS_DEPLOYMENT_TARGET = 7.4;
			};
			name = Release;
		};
/* End XCBuildConfiguration section */

/* Begin XCConfigurationList section */
		FA4D9DA72637096100B9CB8D /* Build configuration list for PBXProject "Landmarks" */ = {
			isa = XCConfigurationList;
			buildConfigurations = (
				FA4D9DB92637096200B9CB8D /* Debug */,
				FA4D9DBA2637096200B9CB8D /* Release */,
			);
			defaultConfigurationIsVisible = 0;
			defaultConfigurationName = Release;
		};
		FA4D9DBB2637096200B9CB8D /* Build configuration list for PBXNativeTarget "Landmarks" */ = {
			isa = XCConfigurationList;
			buildConfigurations = (
				FA4D9DBC2637096200B9CB8D /* Debug */,
				FA4D9DBD2637096200B9CB8D /* Release */,
			);
			defaultConfigurationIsVisible = 0;
			defaultConfigurationName = Release;
		};
		FA6552C0263FF5A800835AEC /* Build configuration list for PBXNativeTarget "MacLandmarks" */ = {
			isa = XCConfigurationList;
			buildConfigurations = (
				FA6552BE263FF5A800835AEC /* Debug */,
				FA6552BF263FF5A800835AEC /* Release */,
			);
			defaultConfigurationIsVisible = 0;
			defaultConfigurationName = Release;
		};
		FABF7CC6263EE19100B376B8 /* Build configuration list for PBXNativeTarget "WatchLandmarks Extension" */ = {
			isa = XCConfigurationList;
			buildConfigurations = (
				FABF7CC4263EE19100B376B8 /* Debug */,
				FABF7CC5263EE19100B376B8 /* Release */,
			);
			defaultConfigurationIsVisible = 0;
			defaultConfigurationName = Release;
		};
		FABF7CC7263EE19100B376B8 /* Build configuration list for PBXNativeTarget "WatchLandmarks" */ = {
			isa = XCConfigurationList;
			buildConfigurations = (
				FABF7CC1263EE19100B376B8 /* Debug */,
				FABF7CC2263EE19100B376B8 /* Release */,
			);
			defaultConfigurationIsVisible = 0;
			defaultConfigurationName = Release;
		};
/* End XCConfigurationList section */
	};
	rootObject = FA4D9DA42637096100B9CB8D /* Project object */;
}
